// !$*UTF8*$!
{
	archiveVersion = 1;
	classes = {
	};
	objectVersion = 55;
	objects = {

/* Begin PBXBuildFile section */
		66C096F51089F92C0E3E624E /* Pods_Sudokov_SudokovUITests.framework in Frameworks */ = {isa = PBXBuildFile; fileRef = 0004DCA2CEE1E4DE792930C0 /* Pods_Sudokov_SudokovUITests.framework */; };
		6F59AAB5E2E2D83BD9AC35C3 /* Pods_Sudokov.framework in Frameworks */ = {isa = PBXBuildFile; fileRef = CF7AF98213C87136B41A8D32 /* Pods_Sudokov.framework */; };
		CFCA58BD3E1F2FBFFD749322 /* Pods_SudokovTests.framework in Frameworks */ = {isa = PBXBuildFile; fileRef = FE249D45209134A61B456B7D /* Pods_SudokovTests.framework */; };
		DCC3040F2897F4CE00EEB26E /* LevelState.swift in Sources */ = {isa = PBXBuildFile; fileRef = DCC3040E2897F4CE00EEB26E /* LevelState.swift */; };
		FB0DC6B0288F05B500E02521 /* Storage.swift in Sources */ = {isa = PBXBuildFile; fileRef = FB0DC6AF288F05B500E02521 /* Storage.swift */; };
		FB0DC6B2288F05E400E02521 /* DiskStorage.swift in Sources */ = {isa = PBXBuildFile; fileRef = FB0DC6B1288F05E400E02521 /* DiskStorage.swift */; };
		FB0DC6B4288F072F00E02521 /* CodableStorage.swift in Sources */ = {isa = PBXBuildFile; fileRef = FB0DC6B3288F072F00E02521 /* CodableStorage.swift */; };
		FB10394428EE012E00F96174 /* AdView.swift in Sources */ = {isa = PBXBuildFile; fileRef = FB10394328EE012E00F96174 /* AdView.swift */; };
		FB10394628EE042B00F96174 /* Configuration.swift in Sources */ = {isa = PBXBuildFile; fileRef = FB10394528EE042B00F96174 /* Configuration.swift */; };
		FB10394828EE05A700F96174 /* UIApplication+keyWindow.swift in Sources */ = {isa = PBXBuildFile; fileRef = FB10394728EE05A700F96174 /* UIApplication+keyWindow.swift */; };
		FB125AC628FD8D8400810211 /* BackButton.swift in Sources */ = {isa = PBXBuildFile; fileRef = FB125AC528FD8D8400810211 /* BackButton.swift */; };
		FB125AC928FD964D00810211 /* SwiftUICharts in Frameworks */ = {isa = PBXBuildFile; productRef = FB125AC828FD964D00810211 /* SwiftUICharts */; };
		FB1596E628B2BC5000CD0417 /* CellLevelAnalytics.swift in Sources */ = {isa = PBXBuildFile; fileRef = FB1596E528B2BC5000CD0417 /* CellLevelAnalytics.swift */; };
		FB3C9715287F0FEA002104F0 /* TableBuilder.swift in Sources */ = {isa = PBXBuildFile; fileRef = FB3C9714287F0FEA002104F0 /* TableBuilder.swift */; };
		FB3C9717287F1008002104F0 /* TypeAlias.swift in Sources */ = {isa = PBXBuildFile; fileRef = FB3C9716287F1008002104F0 /* TypeAlias.swift */; };
		FB3C9719287F11B1002104F0 /* GameManager.swift in Sources */ = {isa = PBXBuildFile; fileRef = FB3C9718287F11B1002104F0 /* GameManager.swift */; };
		FB3C971B28802F39002104F0 /* Colors.xcassets in Resources */ = {isa = PBXBuildFile; fileRef = FB3C971A28802F39002104F0 /* Colors.xcassets */; };
		FB496CCE2901AB3E0047548B /* StatisticsView.swift in Sources */ = {isa = PBXBuildFile; fileRef = FB496CCD2901AB3E0047548B /* StatisticsView.swift */; };
		FB496CD02901AD420047548B /* LevelStatistics.swift in Sources */ = {isa = PBXBuildFile; fileRef = FB496CCF2901AD420047548B /* LevelStatistics.swift */; };
		FB4D359128955BE600C643A1 /* TemplateLevel.swift in Sources */ = {isa = PBXBuildFile; fileRef = FB4D359028955BE600C643A1 /* TemplateLevel.swift */; };
		FB5347BA285A83F800E94F65 /* EdgeBorder.swift in Sources */ = {isa = PBXBuildFile; fileRef = FB5347B9285A83F800E94F65 /* EdgeBorder.swift */; };
		FB5347BC285A841600E94F65 /* View+Border.swift in Sources */ = {isa = PBXBuildFile; fileRef = FB5347BB285A841600E94F65 /* View+Border.swift */; };
		FB5D90C72891E00200E4030E /* NumberPickerButton.swift in Sources */ = {isa = PBXBuildFile; fileRef = FB5D90C62891E00200E4030E /* NumberPickerButton.swift */; };
		FB77D00528FC989100D7E17F /* SelectDifficultyView.swift in Sources */ = {isa = PBXBuildFile; fileRef = FB77D00428FC989100D7E17F /* SelectDifficultyView.swift */; };
		FB77D00728FC9ABE00D7E17F /* LinearGradientSlider.swift in Sources */ = {isa = PBXBuildFile; fileRef = FB77D00628FC9ABE00D7E17F /* LinearGradientSlider.swift */; };
		FB7BC71C28803A1000E8C5F1 /* R.generated.swift in Sources */ = {isa = PBXBuildFile; fileRef = FB7BC71B28803A1000E8C5F1 /* R.generated.swift */; };
		FB7BC71F28803EC500E8C5F1 /* GameSquareView.swift in Sources */ = {isa = PBXBuildFile; fileRef = FB7BC71E28803EC500E8C5F1 /* GameSquareView.swift */; };
		FB7BC72128803EE400E8C5F1 /* GameSquareViewModel.swift in Sources */ = {isa = PBXBuildFile; fileRef = FB7BC72028803EE400E8C5F1 /* GameSquareViewModel.swift */; };
		FB7BC72328815E9000E8C5F1 /* NumberPickerView.swift in Sources */ = {isa = PBXBuildFile; fileRef = FB7BC72228815E9000E8C5F1 /* NumberPickerView.swift */; };
		FB7BC7252882154B00E8C5F1 /* ControlsView.swift in Sources */ = {isa = PBXBuildFile; fileRef = FB7BC7242882154B00E8C5F1 /* ControlsView.swift */; };
		FB7BC7282882BC9B00E8C5F1 /* Move.swift in Sources */ = {isa = PBXBuildFile; fileRef = FB7BC7272882BC9B00E8C5F1 /* Move.swift */; };
		FB82D0282911A4D500F27B6F /* hard.data in Resources */ = {isa = PBXBuildFile; fileRef = FB82D0252911A4D400F27B6F /* hard.data */; };
		FB82D0292911A4D500F27B6F /* medium.data in Resources */ = {isa = PBXBuildFile; fileRef = FB82D0262911A4D500F27B6F /* medium.data */; };
		FB82D02A2911A4D500F27B6F /* easy.data in Resources */ = {isa = PBXBuildFile; fileRef = FB82D0272911A4D500F27B6F /* easy.data */; };
		FB897488288F31DD00D7C982 /* StorageManager.swift in Sources */ = {isa = PBXBuildFile; fileRef = FB897487288F31DD00D7C982 /* StorageManager.swift */; };
		FB89748A288F424B00D7C982 /* Transitions.swift in Sources */ = {isa = PBXBuildFile; fileRef = FB897489288F424B00D7C982 /* Transitions.swift */; };
		FB9978D02891C908001F308C /* PickLevelView.swift in Sources */ = {isa = PBXBuildFile; fileRef = FB9978CF2891C908001F308C /* PickLevelView.swift */; };
		FBA2390D288CA616006AE3A4 /* Level.swift in Sources */ = {isa = PBXBuildFile; fileRef = FBA2390C288CA616006AE3A4 /* Level.swift */; };
		FBA2390F288CA68F006AE3A4 /* LocalLevelManager.swift in Sources */ = {isa = PBXBuildFile; fileRef = FBA2390E288CA68F006AE3A4 /* LocalLevelManager.swift */; };
		FBA23911288CA6A7006AE3A4 /* Difficulty.swift in Sources */ = {isa = PBXBuildFile; fileRef = FBA23910288CA6A7006AE3A4 /* Difficulty.swift */; };
		FBBAAC3728B034EA0090E24A /* AnalyticsManager.swift in Sources */ = {isa = PBXBuildFile; fileRef = FBBAAC3628B034EA0090E24A /* AnalyticsManager.swift */; };
		FBBAAC3928B0370D0090E24A /* GoogleService-Info.plist in Resources */ = {isa = PBXBuildFile; fileRef = FBBAAC3828B0370D0090E24A /* GoogleService-Info.plist */; };
		FBBAAC3C28B037D50090E24A /* FirebaseAnalytics in Frameworks */ = {isa = PBXBuildFile; productRef = FBBAAC3B28B037D50090E24A /* FirebaseAnalytics */; };
		FBBAAC3E28B037D50090E24A /* FirebaseAnalyticsOnDeviceConversion in Frameworks */ = {isa = PBXBuildFile; productRef = FBBAAC3D28B037D50090E24A /* FirebaseAnalyticsOnDeviceConversion */; };
		FBBAAC4028B037D50090E24A /* FirebaseAnalyticsSwift in Frameworks */ = {isa = PBXBuildFile; productRef = FBBAAC3F28B037D50090E24A /* FirebaseAnalyticsSwift */; };
		FBBAAC4228B037D50090E24A /* FirebaseAnalyticsWithoutAdIdSupport in Frameworks */ = {isa = PBXBuildFile; productRef = FBBAAC4128B037D50090E24A /* FirebaseAnalyticsWithoutAdIdSupport */; };
		FBBAAC4428B037D50090E24A /* FirebaseAppCheck in Frameworks */ = {isa = PBXBuildFile; productRef = FBBAAC4328B037D50090E24A /* FirebaseAppCheck */; };
		FBBAAC4628B037D50090E24A /* FirebaseAppDistribution-Beta in Frameworks */ = {isa = PBXBuildFile; productRef = FBBAAC4528B037D50090E24A /* FirebaseAppDistribution-Beta */; };
		FBBBE58F288DA7F500AC809A /* DependencyManager.swift in Sources */ = {isa = PBXBuildFile; fileRef = FBBBE58E288DA7F500AC809A /* DependencyManager.swift */; };
		FBBBE591288DA96F00AC809A /* Coordinator.swift in Sources */ = {isa = PBXBuildFile; fileRef = FBBBE590288DA96F00AC809A /* Coordinator.swift */; };
		FBBBE595288DAA8200AC809A /* HomeCoordinator.swift in Sources */ = {isa = PBXBuildFile; fileRef = FBBBE594288DAA8200AC809A /* HomeCoordinator.swift */; };
		FBBDE994285522100078A73E /* SudokovApp.swift in Sources */ = {isa = PBXBuildFile; fileRef = FBBDE993285522100078A73E /* SudokovApp.swift */; };
		FBBDE996285522100078A73E /* ContentView.swift in Sources */ = {isa = PBXBuildFile; fileRef = FBBDE995285522100078A73E /* ContentView.swift */; };
		FBBDE998285522140078A73E /* Assets.xcassets in Resources */ = {isa = PBXBuildFile; fileRef = FBBDE997285522140078A73E /* Assets.xcassets */; };
		FBBDE99B285522140078A73E /* Preview Assets.xcassets in Resources */ = {isa = PBXBuildFile; fileRef = FBBDE99A285522140078A73E /* Preview Assets.xcassets */; };
		FBBDE9A5285522140078A73E /* SudokovTests.swift in Sources */ = {isa = PBXBuildFile; fileRef = FBBDE9A4285522140078A73E /* SudokovTests.swift */; };
		FBBDE9AF285522140078A73E /* SudokovUITests.swift in Sources */ = {isa = PBXBuildFile; fileRef = FBBDE9AE285522140078A73E /* SudokovUITests.swift */; };
		FBBDE9B1285522140078A73E /* SudokovUITestsLaunchTests.swift in Sources */ = {isa = PBXBuildFile; fileRef = FBBDE9B0285522140078A73E /* SudokovUITestsLaunchTests.swift */; };
		FBBDE9C1285522740078A73E /* HomeView.swift in Sources */ = {isa = PBXBuildFile; fileRef = FBBDE9C0285522740078A73E /* HomeView.swift */; };
		FBBDE9C4285522CE0078A73E /* MenuButton.swift in Sources */ = {isa = PBXBuildFile; fileRef = FBBDE9C3285522CE0078A73E /* MenuButton.swift */; };
		FBBDE9C6285523D30078A73E /* GameView.swift in Sources */ = {isa = PBXBuildFile; fileRef = FBBDE9C5285523D30078A73E /* GameView.swift */; };
		FBCF08CC28B25F7B00ABA471 /* LevelAnalytics.swift in Sources */ = {isa = PBXBuildFile; fileRef = FBCF08CB28B25F7B00ABA471 /* LevelAnalytics.swift */; };
		FBCF08CE28B25FA200ABA471 /* Encodable+dictionary.swift in Sources */ = {isa = PBXBuildFile; fileRef = FBCF08CD28B25FA200ABA471 /* Encodable+dictionary.swift */; };
		FBCF08D028B2637500ABA471 /* SettingsViewModel.swift in Sources */ = {isa = PBXBuildFile; fileRef = FBCF08CF28B2637500ABA471 /* SettingsViewModel.swift */; };
		FBCF08D228B29E3A00ABA471 /* PlaySetAnalytics.swift in Sources */ = {isa = PBXBuildFile; fileRef = FBCF08D128B29E3A00ABA471 /* PlaySetAnalytics.swift */; };
		FBCF08D428B29E9E00ABA471 /* PlaySet.swift in Sources */ = {isa = PBXBuildFile; fileRef = FBCF08D328B29E9E00ABA471 /* PlaySet.swift */; };
		FBCF08D628B2A5A100ABA471 /* SettingsAnalytics.swift in Sources */ = {isa = PBXBuildFile; fileRef = FBCF08D528B2A5A100ABA471 /* SettingsAnalytics.swift */; };
		FBCF08D828B2B18B00ABA471 /* CellAnalytics.swift in Sources */ = {isa = PBXBuildFile; fileRef = FBCF08D728B2B18B00ABA471 /* CellAnalytics.swift */; };
		FBDB28AF288365B000A372E7 /* FeatureFlags.swift in Sources */ = {isa = PBXBuildFile; fileRef = FBDB28AE288365B000A372E7 /* FeatureFlags.swift */; };
		FBDB28B328849C3B00A372E7 /* TableView.swift in Sources */ = {isa = PBXBuildFile; fileRef = FBDB28B228849C3B00A372E7 /* TableView.swift */; };
		FBDB28B52884B31000A372E7 /* LevelInfo.swift in Sources */ = {isa = PBXBuildFile; fileRef = FBDB28B42884B31000A372E7 /* LevelInfo.swift */; };
		FBDB28B72884B33C00A372E7 /* Coordinate.swift in Sources */ = {isa = PBXBuildFile; fileRef = FBDB28B62884B33C00A372E7 /* Coordinate.swift */; };
		FBF142D5289B1FE000C3EA2E /* SettingsView.swift in Sources */ = {isa = PBXBuildFile; fileRef = FBF142D4289B1FE000C3EA2E /* SettingsView.swift */; };
		FBF5C3A32899BBA200F5FADA /* PickLevelViewModel.swift in Sources */ = {isa = PBXBuildFile; fileRef = FBF5C3A22899BBA200F5FADA /* PickLevelViewModel.swift */; };
		FBF5C3A52899D5A600F5FADA /* Int+Extensions.swift in Sources */ = {isa = PBXBuildFile; fileRef = FBF5C3A42899D5A600F5FADA /* Int+Extensions.swift */; };
		FBFFF13E288F26DD0038F3D8 /* GameInfoView.swift in Sources */ = {isa = PBXBuildFile; fileRef = FBFFF13D288F26DD0038F3D8 /* GameInfoView.swift */; };
/* End PBXBuildFile section */

/* Begin PBXContainerItemProxy section */
		FBBDE9A1285522140078A73E /* PBXContainerItemProxy */ = {
			isa = PBXContainerItemProxy;
			containerPortal = FBBDE988285522100078A73E /* Project object */;
			proxyType = 1;
			remoteGlobalIDString = FBBDE98F285522100078A73E;
			remoteInfo = Sudokov;
		};
		FBBDE9AB285522140078A73E /* PBXContainerItemProxy */ = {
			isa = PBXContainerItemProxy;
			containerPortal = FBBDE988285522100078A73E /* Project object */;
			proxyType = 1;
			remoteGlobalIDString = FBBDE98F285522100078A73E;
			remoteInfo = Sudokov;
		};
		FBE11CDD28FA1EB000C62890 /* PBXContainerItemProxy */ = {
			isa = PBXContainerItemProxy;
			containerPortal = FBBDE988285522100078A73E /* Project object */;
			proxyType = 1;
			remoteGlobalIDString = FBBDE98F285522100078A73E;
			remoteInfo = Sudokov;
		};
/* End PBXContainerItemProxy section */

/* Begin PBXFileReference section */
		0004DCA2CEE1E4DE792930C0 /* Pods_Sudokov_SudokovUITests.framework */ = {isa = PBXFileReference; explicitFileType = wrapper.framework; includeInIndex = 0; path = Pods_Sudokov_SudokovUITests.framework; sourceTree = BUILT_PRODUCTS_DIR; };
		6B9DEB6C2FD81A5636656284 /* Pods-Sudokov.debug.xcconfig */ = {isa = PBXFileReference; includeInIndex = 1; lastKnownFileType = text.xcconfig; name = "Pods-Sudokov.debug.xcconfig"; path = "Target Support Files/Pods-Sudokov/Pods-Sudokov.debug.xcconfig"; sourceTree = "<group>"; };
		6C8C06BFD23D9868FBD41750 /* Pods-SudokovTests.debug.xcconfig */ = {isa = PBXFileReference; includeInIndex = 1; lastKnownFileType = text.xcconfig; name = "Pods-SudokovTests.debug.xcconfig"; path = "Target Support Files/Pods-SudokovTests/Pods-SudokovTests.debug.xcconfig"; sourceTree = "<group>"; };
		BF6C1CEA8E6EF5FA1518234A /* Pods-Sudokov-SudokovUITests.release.xcconfig */ = {isa = PBXFileReference; includeInIndex = 1; lastKnownFileType = text.xcconfig; name = "Pods-Sudokov-SudokovUITests.release.xcconfig"; path = "Target Support Files/Pods-Sudokov-SudokovUITests/Pods-Sudokov-SudokovUITests.release.xcconfig"; sourceTree = "<group>"; };
		C3E97FEEDA6DA6E1A5A8BE8A /* Pods-SudokovTests.release.xcconfig */ = {isa = PBXFileReference; includeInIndex = 1; lastKnownFileType = text.xcconfig; name = "Pods-SudokovTests.release.xcconfig"; path = "Target Support Files/Pods-SudokovTests/Pods-SudokovTests.release.xcconfig"; sourceTree = "<group>"; };
		CF7AF98213C87136B41A8D32 /* Pods_Sudokov.framework */ = {isa = PBXFileReference; explicitFileType = wrapper.framework; includeInIndex = 0; path = Pods_Sudokov.framework; sourceTree = BUILT_PRODUCTS_DIR; };
		D7487A7FCD1C4181F9ABC9D2 /* Pods-Sudokov-SudokovUITests.debug.xcconfig */ = {isa = PBXFileReference; includeInIndex = 1; lastKnownFileType = text.xcconfig; name = "Pods-Sudokov-SudokovUITests.debug.xcconfig"; path = "Target Support Files/Pods-Sudokov-SudokovUITests/Pods-Sudokov-SudokovUITests.debug.xcconfig"; sourceTree = "<group>"; };
		DCC3040E2897F4CE00EEB26E /* LevelState.swift */ = {isa = PBXFileReference; lastKnownFileType = sourcecode.swift; path = LevelState.swift; sourceTree = "<group>"; };
		E82434A63DA51F03BEB052A6 /* Pods-Sudokov.release.xcconfig */ = {isa = PBXFileReference; includeInIndex = 1; lastKnownFileType = text.xcconfig; name = "Pods-Sudokov.release.xcconfig"; path = "Target Support Files/Pods-Sudokov/Pods-Sudokov.release.xcconfig"; sourceTree = "<group>"; };
		FB0DC6AF288F05B500E02521 /* Storage.swift */ = {isa = PBXFileReference; lastKnownFileType = sourcecode.swift; path = Storage.swift; sourceTree = "<group>"; };
		FB0DC6B1288F05E400E02521 /* DiskStorage.swift */ = {isa = PBXFileReference; lastKnownFileType = sourcecode.swift; path = DiskStorage.swift; sourceTree = "<group>"; };
		FB0DC6B3288F072F00E02521 /* CodableStorage.swift */ = {isa = PBXFileReference; lastKnownFileType = sourcecode.swift; path = CodableStorage.swift; sourceTree = "<group>"; };
		FB10394328EE012E00F96174 /* AdView.swift */ = {isa = PBXFileReference; lastKnownFileType = sourcecode.swift; path = AdView.swift; sourceTree = "<group>"; };
		FB10394528EE042B00F96174 /* Configuration.swift */ = {isa = PBXFileReference; lastKnownFileType = sourcecode.swift; path = Configuration.swift; sourceTree = "<group>"; };
		FB10394728EE05A700F96174 /* UIApplication+keyWindow.swift */ = {isa = PBXFileReference; lastKnownFileType = sourcecode.swift; path = "UIApplication+keyWindow.swift"; sourceTree = "<group>"; };
		FB125AC528FD8D8400810211 /* BackButton.swift */ = {isa = PBXFileReference; lastKnownFileType = sourcecode.swift; path = BackButton.swift; sourceTree = "<group>"; };
		FB1596E528B2BC5000CD0417 /* CellLevelAnalytics.swift */ = {isa = PBXFileReference; lastKnownFileType = sourcecode.swift; path = CellLevelAnalytics.swift; sourceTree = "<group>"; };
		FB3C9714287F0FEA002104F0 /* TableBuilder.swift */ = {isa = PBXFileReference; lastKnownFileType = sourcecode.swift; path = TableBuilder.swift; sourceTree = "<group>"; };
		FB3C9716287F1008002104F0 /* TypeAlias.swift */ = {isa = PBXFileReference; lastKnownFileType = sourcecode.swift; path = TypeAlias.swift; sourceTree = "<group>"; };
		FB3C9718287F11B1002104F0 /* GameManager.swift */ = {isa = PBXFileReference; lastKnownFileType = sourcecode.swift; path = GameManager.swift; sourceTree = "<group>"; };
		FB3C971A28802F39002104F0 /* Colors.xcassets */ = {isa = PBXFileReference; lastKnownFileType = folder.assetcatalog; path = Colors.xcassets; sourceTree = "<group>"; };
		FB496CCD2901AB3E0047548B /* StatisticsView.swift */ = {isa = PBXFileReference; lastKnownFileType = sourcecode.swift; path = StatisticsView.swift; sourceTree = "<group>"; };
		FB496CCF2901AD420047548B /* LevelStatistics.swift */ = {isa = PBXFileReference; lastKnownFileType = sourcecode.swift; path = LevelStatistics.swift; sourceTree = "<group>"; };
		FB4D359028955BE600C643A1 /* TemplateLevel.swift */ = {isa = PBXFileReference; lastKnownFileType = sourcecode.swift; path = TemplateLevel.swift; sourceTree = "<group>"; };
		FB5347B9285A83F800E94F65 /* EdgeBorder.swift */ = {isa = PBXFileReference; lastKnownFileType = sourcecode.swift; path = EdgeBorder.swift; sourceTree = "<group>"; };
		FB5347BB285A841600E94F65 /* View+Border.swift */ = {isa = PBXFileReference; lastKnownFileType = sourcecode.swift; path = "View+Border.swift"; sourceTree = "<group>"; };
		FB5D90C62891E00200E4030E /* NumberPickerButton.swift */ = {isa = PBXFileReference; lastKnownFileType = sourcecode.swift; path = NumberPickerButton.swift; sourceTree = "<group>"; };
		FB77D00428FC989100D7E17F /* SelectDifficultyView.swift */ = {isa = PBXFileReference; lastKnownFileType = sourcecode.swift; path = SelectDifficultyView.swift; sourceTree = "<group>"; };
		FB77D00628FC9ABE00D7E17F /* LinearGradientSlider.swift */ = {isa = PBXFileReference; lastKnownFileType = sourcecode.swift; path = LinearGradientSlider.swift; sourceTree = "<group>"; };
		FB7BC71B28803A1000E8C5F1 /* R.generated.swift */ = {isa = PBXFileReference; fileEncoding = 4; lastKnownFileType = sourcecode.swift; path = R.generated.swift; sourceTree = SOURCE_ROOT; };
		FB7BC71E28803EC500E8C5F1 /* GameSquareView.swift */ = {isa = PBXFileReference; lastKnownFileType = sourcecode.swift; path = GameSquareView.swift; sourceTree = "<group>"; };
		FB7BC72028803EE400E8C5F1 /* GameSquareViewModel.swift */ = {isa = PBXFileReference; lastKnownFileType = sourcecode.swift; path = GameSquareViewModel.swift; sourceTree = "<group>"; };
		FB7BC72228815E9000E8C5F1 /* NumberPickerView.swift */ = {isa = PBXFileReference; lastKnownFileType = sourcecode.swift; path = NumberPickerView.swift; sourceTree = "<group>"; };
		FB7BC7242882154B00E8C5F1 /* ControlsView.swift */ = {isa = PBXFileReference; lastKnownFileType = sourcecode.swift; path = ControlsView.swift; sourceTree = "<group>"; };
		FB7BC7272882BC9B00E8C5F1 /* Move.swift */ = {isa = PBXFileReference; lastKnownFileType = sourcecode.swift; path = Move.swift; sourceTree = "<group>"; };
		FB82D0252911A4D400F27B6F /* hard.data */ = {isa = PBXFileReference; fileEncoding = 4; lastKnownFileType = text; path = hard.data; sourceTree = "<group>"; };
		FB82D0262911A4D500F27B6F /* medium.data */ = {isa = PBXFileReference; fileEncoding = 4; lastKnownFileType = text; path = medium.data; sourceTree = "<group>"; };
		FB82D0272911A4D500F27B6F /* easy.data */ = {isa = PBXFileReference; fileEncoding = 4; lastKnownFileType = text; path = easy.data; sourceTree = "<group>"; };
		FB897487288F31DD00D7C982 /* StorageManager.swift */ = {isa = PBXFileReference; lastKnownFileType = sourcecode.swift; path = StorageManager.swift; sourceTree = "<group>"; };
		FB897489288F424B00D7C982 /* Transitions.swift */ = {isa = PBXFileReference; lastKnownFileType = sourcecode.swift; path = Transitions.swift; sourceTree = "<group>"; };
		FB9978CF2891C908001F308C /* PickLevelView.swift */ = {isa = PBXFileReference; lastKnownFileType = sourcecode.swift; path = PickLevelView.swift; sourceTree = "<group>"; };
		FBA2390C288CA616006AE3A4 /* Level.swift */ = {isa = PBXFileReference; lastKnownFileType = sourcecode.swift; path = Level.swift; sourceTree = "<group>"; };
		FBA2390E288CA68F006AE3A4 /* LocalLevelManager.swift */ = {isa = PBXFileReference; lastKnownFileType = sourcecode.swift; path = LocalLevelManager.swift; sourceTree = "<group>"; };
		FBA23910288CA6A7006AE3A4 /* Difficulty.swift */ = {isa = PBXFileReference; lastKnownFileType = sourcecode.swift; path = Difficulty.swift; sourceTree = "<group>"; };
		FBBAAC3628B034EA0090E24A /* AnalyticsManager.swift */ = {isa = PBXFileReference; lastKnownFileType = sourcecode.swift; path = AnalyticsManager.swift; sourceTree = "<group>"; };
		FBBAAC3828B0370D0090E24A /* GoogleService-Info.plist */ = {isa = PBXFileReference; fileEncoding = 4; lastKnownFileType = text.plist.xml; path = "GoogleService-Info.plist"; sourceTree = "<group>"; };
		FBBBE58E288DA7F500AC809A /* DependencyManager.swift */ = {isa = PBXFileReference; lastKnownFileType = sourcecode.swift; path = DependencyManager.swift; sourceTree = "<group>"; };
		FBBBE590288DA96F00AC809A /* Coordinator.swift */ = {isa = PBXFileReference; lastKnownFileType = sourcecode.swift; path = Coordinator.swift; sourceTree = "<group>"; };
		FBBBE594288DAA8200AC809A /* HomeCoordinator.swift */ = {isa = PBXFileReference; lastKnownFileType = sourcecode.swift; path = HomeCoordinator.swift; sourceTree = "<group>"; };
		FBBDE990285522100078A73E /* Sudokov.app */ = {isa = PBXFileReference; explicitFileType = wrapper.application; includeInIndex = 0; path = Sudokov.app; sourceTree = BUILT_PRODUCTS_DIR; };
		FBBDE993285522100078A73E /* SudokovApp.swift */ = {isa = PBXFileReference; lastKnownFileType = sourcecode.swift; path = SudokovApp.swift; sourceTree = "<group>"; };
		FBBDE995285522100078A73E /* ContentView.swift */ = {isa = PBXFileReference; lastKnownFileType = sourcecode.swift; path = ContentView.swift; sourceTree = "<group>"; };
		FBBDE997285522140078A73E /* Assets.xcassets */ = {isa = PBXFileReference; lastKnownFileType = folder.assetcatalog; path = Assets.xcassets; sourceTree = "<group>"; };
		FBBDE99A285522140078A73E /* Preview Assets.xcassets */ = {isa = PBXFileReference; lastKnownFileType = folder.assetcatalog; path = "Preview Assets.xcassets"; sourceTree = "<group>"; };
		FBBDE9A0285522140078A73E /* SudokovTests.xctest */ = {isa = PBXFileReference; explicitFileType = wrapper.cfbundle; includeInIndex = 0; path = SudokovTests.xctest; sourceTree = BUILT_PRODUCTS_DIR; };
		FBBDE9A4285522140078A73E /* SudokovTests.swift */ = {isa = PBXFileReference; lastKnownFileType = sourcecode.swift; path = SudokovTests.swift; sourceTree = "<group>"; };
		FBBDE9AA285522140078A73E /* SudokovUITests.xctest */ = {isa = PBXFileReference; explicitFileType = wrapper.cfbundle; includeInIndex = 0; path = SudokovUITests.xctest; sourceTree = BUILT_PRODUCTS_DIR; };
		FBBDE9AE285522140078A73E /* SudokovUITests.swift */ = {isa = PBXFileReference; lastKnownFileType = sourcecode.swift; path = SudokovUITests.swift; sourceTree = "<group>"; };
		FBBDE9B0285522140078A73E /* SudokovUITestsLaunchTests.swift */ = {isa = PBXFileReference; lastKnownFileType = sourcecode.swift; path = SudokovUITestsLaunchTests.swift; sourceTree = "<group>"; };
		FBBDE9C0285522740078A73E /* HomeView.swift */ = {isa = PBXFileReference; lastKnownFileType = sourcecode.swift; path = HomeView.swift; sourceTree = "<group>"; };
		FBBDE9C3285522CE0078A73E /* MenuButton.swift */ = {isa = PBXFileReference; lastKnownFileType = sourcecode.swift; path = MenuButton.swift; sourceTree = "<group>"; };
		FBBDE9C5285523D30078A73E /* GameView.swift */ = {isa = PBXFileReference; lastKnownFileType = sourcecode.swift; path = GameView.swift; sourceTree = "<group>"; };
		FBCF08CB28B25F7B00ABA471 /* LevelAnalytics.swift */ = {isa = PBXFileReference; lastKnownFileType = sourcecode.swift; path = LevelAnalytics.swift; sourceTree = "<group>"; };
		FBCF08CD28B25FA200ABA471 /* Encodable+dictionary.swift */ = {isa = PBXFileReference; lastKnownFileType = sourcecode.swift; path = "Encodable+dictionary.swift"; sourceTree = "<group>"; };
		FBCF08CF28B2637500ABA471 /* SettingsViewModel.swift */ = {isa = PBXFileReference; lastKnownFileType = sourcecode.swift; path = SettingsViewModel.swift; sourceTree = "<group>"; };
		FBCF08D128B29E3A00ABA471 /* PlaySetAnalytics.swift */ = {isa = PBXFileReference; lastKnownFileType = sourcecode.swift; path = PlaySetAnalytics.swift; sourceTree = "<group>"; };
		FBCF08D328B29E9E00ABA471 /* PlaySet.swift */ = {isa = PBXFileReference; lastKnownFileType = sourcecode.swift; path = PlaySet.swift; sourceTree = "<group>"; };
		FBCF08D528B2A5A100ABA471 /* SettingsAnalytics.swift */ = {isa = PBXFileReference; lastKnownFileType = sourcecode.swift; path = SettingsAnalytics.swift; sourceTree = "<group>"; };
		FBCF08D728B2B18B00ABA471 /* CellAnalytics.swift */ = {isa = PBXFileReference; lastKnownFileType = sourcecode.swift; path = CellAnalytics.swift; sourceTree = "<group>"; };
		FBDB28AE288365B000A372E7 /* FeatureFlags.swift */ = {isa = PBXFileReference; lastKnownFileType = sourcecode.swift; path = FeatureFlags.swift; sourceTree = "<group>"; };
		FBDB28B228849C3B00A372E7 /* TableView.swift */ = {isa = PBXFileReference; lastKnownFileType = sourcecode.swift; path = TableView.swift; sourceTree = "<group>"; };
		FBDB28B42884B31000A372E7 /* LevelInfo.swift */ = {isa = PBXFileReference; lastKnownFileType = sourcecode.swift; path = LevelInfo.swift; sourceTree = "<group>"; };
		FBDB28B62884B33C00A372E7 /* Coordinate.swift */ = {isa = PBXFileReference; lastKnownFileType = sourcecode.swift; path = Coordinate.swift; sourceTree = "<group>"; };
		FBE11CD728FA1EB000C62890 /* SudokovScreenshots.xctest */ = {isa = PBXFileReference; explicitFileType = wrapper.cfbundle; includeInIndex = 0; path = SudokovScreenshots.xctest; sourceTree = BUILT_PRODUCTS_DIR; };
		FBE852CC28E3A30900F4284B /* Info.plist */ = {isa = PBXFileReference; lastKnownFileType = text.plist; path = Info.plist; sourceTree = "<group>"; };
		FBF142D4289B1FE000C3EA2E /* SettingsView.swift */ = {isa = PBXFileReference; lastKnownFileType = sourcecode.swift; path = SettingsView.swift; sourceTree = "<group>"; };
		FBF5C3A22899BBA200F5FADA /* PickLevelViewModel.swift */ = {isa = PBXFileReference; lastKnownFileType = sourcecode.swift; path = PickLevelViewModel.swift; sourceTree = "<group>"; };
		FBF5C3A42899D5A600F5FADA /* Int+Extensions.swift */ = {isa = PBXFileReference; lastKnownFileType = sourcecode.swift; path = "Int+Extensions.swift"; sourceTree = "<group>"; };
		FBFFF13D288F26DD0038F3D8 /* GameInfoView.swift */ = {isa = PBXFileReference; lastKnownFileType = sourcecode.swift; path = GameInfoView.swift; sourceTree = "<group>"; };
		FE249D45209134A61B456B7D /* Pods_SudokovTests.framework */ = {isa = PBXFileReference; explicitFileType = wrapper.framework; includeInIndex = 0; path = Pods_SudokovTests.framework; sourceTree = BUILT_PRODUCTS_DIR; };
/* End PBXFileReference section */

/* Begin PBXFrameworksBuildPhase section */
		FBBDE98D285522100078A73E /* Frameworks */ = {
			isa = PBXFrameworksBuildPhase;
			buildActionMask = 2147483647;
			files = (
				FBBAAC4628B037D50090E24A /* FirebaseAppDistribution-Beta in Frameworks */,
				FBBAAC4028B037D50090E24A /* FirebaseAnalyticsSwift in Frameworks */,
				FBBAAC4228B037D50090E24A /* FirebaseAnalyticsWithoutAdIdSupport in Frameworks */,
				FBBAAC3C28B037D50090E24A /* FirebaseAnalytics in Frameworks */,
				FBBAAC3E28B037D50090E24A /* FirebaseAnalyticsOnDeviceConversion in Frameworks */,
				FB125AC928FD964D00810211 /* SwiftUICharts in Frameworks */,
				FBBAAC4428B037D50090E24A /* FirebaseAppCheck in Frameworks */,
				6F59AAB5E2E2D83BD9AC35C3 /* Pods_Sudokov.framework in Frameworks */,
			);
			runOnlyForDeploymentPostprocessing = 0;
		};
		FBBDE99D285522140078A73E /* Frameworks */ = {
			isa = PBXFrameworksBuildPhase;
			buildActionMask = 2147483647;
			files = (
				CFCA58BD3E1F2FBFFD749322 /* Pods_SudokovTests.framework in Frameworks */,
			);
			runOnlyForDeploymentPostprocessing = 0;
		};
		FBBDE9A7285522140078A73E /* Frameworks */ = {
			isa = PBXFrameworksBuildPhase;
			buildActionMask = 2147483647;
			files = (
				66C096F51089F92C0E3E624E /* Pods_Sudokov_SudokovUITests.framework in Frameworks */,
			);
			runOnlyForDeploymentPostprocessing = 0;
		};
		FBE11CD428FA1EB000C62890 /* Frameworks */ = {
			isa = PBXFrameworksBuildPhase;
			buildActionMask = 2147483647;
			files = (
			);
			runOnlyForDeploymentPostprocessing = 0;
		};
/* End PBXFrameworksBuildPhase section */

/* Begin PBXGroup section */
		9B7C526E0E0E11D34681AE74 /* Pods */ = {
			isa = PBXGroup;
			children = (
				6B9DEB6C2FD81A5636656284 /* Pods-Sudokov.debug.xcconfig */,
				E82434A63DA51F03BEB052A6 /* Pods-Sudokov.release.xcconfig */,
				D7487A7FCD1C4181F9ABC9D2 /* Pods-Sudokov-SudokovUITests.debug.xcconfig */,
				BF6C1CEA8E6EF5FA1518234A /* Pods-Sudokov-SudokovUITests.release.xcconfig */,
				6C8C06BFD23D9868FBD41750 /* Pods-SudokovTests.debug.xcconfig */,
				C3E97FEEDA6DA6E1A5A8BE8A /* Pods-SudokovTests.release.xcconfig */,
			);
			path = Pods;
			sourceTree = "<group>";
		};
		D01E2C221860B87E170875F2 /* Frameworks */ = {
			isa = PBXGroup;
			children = (
				CF7AF98213C87136B41A8D32 /* Pods_Sudokov.framework */,
				0004DCA2CEE1E4DE792930C0 /* Pods_Sudokov_SudokovUITests.framework */,
				FE249D45209134A61B456B7D /* Pods_SudokovTests.framework */,
			);
			name = Frameworks;
			sourceTree = "<group>";
		};
		FB0DC6AE288F05A800E02521 /* Storage */ = {
			isa = PBXGroup;
			children = (
				FB0DC6AF288F05B500E02521 /* Storage.swift */,
				FB0DC6B1288F05E400E02521 /* DiskStorage.swift */,
				FB0DC6B3288F072F00E02521 /* CodableStorage.swift */,
			);
			path = Storage;
			sourceTree = "<group>";
		};
		FB496CCC2901AA380047548B /* Statistics */ = {
			isa = PBXGroup;
			children = (
				FB496CCD2901AB3E0047548B /* StatisticsView.swift */,
			);
			path = Statistics;
			sourceTree = "<group>";
		};
		FB5347B8285A83E900E94F65 /* Extensions */ = {
			isa = PBXGroup;
			children = (
				FB5347BB285A841600E94F65 /* View+Border.swift */,
				FB897489288F424B00D7C982 /* Transitions.swift */,
				FBF5C3A42899D5A600F5FADA /* Int+Extensions.swift */,
				FBCF08CD28B25FA200ABA471 /* Encodable+dictionary.swift */,
				FB10394728EE05A700F96174 /* UIApplication+keyWindow.swift */,
			);
			path = Extensions;
			sourceTree = "<group>";
		};
		FB77D00328FC987D00D7E17F /* SelectDifficulty */ = {
			isa = PBXGroup;
			children = (
				FB77D00428FC989100D7E17F /* SelectDifficultyView.swift */,
			);
			path = SelectDifficulty;
			sourceTree = "<group>";
		};
		FB7BC71D28803EB800E8C5F1 /* GameSquare */ = {
			isa = PBXGroup;
			children = (
				FB7BC71E28803EC500E8C5F1 /* GameSquareView.swift */,
				FB7BC72028803EE400E8C5F1 /* GameSquareViewModel.swift */,
			);
			path = GameSquare;
			sourceTree = "<group>";
		};
		FB7BC7262882BC9000E8C5F1 /* Model */ = {
			isa = PBXGroup;
			children = (
				FBCF08CA28B25F6900ABA471 /* Analytics */,
				FBCF08C928B25F5E00ABA471 /* Game */,
				FBCF08D328B29E9E00ABA471 /* PlaySet.swift */,
			);
			path = Model;
			sourceTree = "<group>";
		};
		FBA23901288CA401006AE3A4 /* Levels */ = {
			isa = PBXGroup;
			children = (
				FB82D0272911A4D500F27B6F /* easy.data */,
				FB82D0252911A4D400F27B6F /* hard.data */,
				FB82D0262911A4D500F27B6F /* medium.data */,
			);
			path = Levels;
			sourceTree = "<group>";
		};
		FBBBE592288DAA3300AC809A /* Home */ = {
			isa = PBXGroup;
			children = (
				FBBBE594288DAA8200AC809A /* HomeCoordinator.swift */,
				FBBDE9C0285522740078A73E /* HomeView.swift */,
			);
			path = Home;
			sourceTree = "<group>";
		};
		FBBBE593288DAA6C00AC809A /* Game */ = {
			isa = PBXGroup;
			children = (
				FB7BC71D28803EB800E8C5F1 /* GameSquare */,
				FBBDE9C5285523D30078A73E /* GameView.swift */,
				FB7BC72228815E9000E8C5F1 /* NumberPickerView.swift */,
				FB7BC7242882154B00E8C5F1 /* ControlsView.swift */,
				FBDB28B228849C3B00A372E7 /* TableView.swift */,
				FBFFF13D288F26DD0038F3D8 /* GameInfoView.swift */,
			);
			path = Game;
			sourceTree = "<group>";
		};
		FBBDE987285522100078A73E = {
			isa = PBXGroup;
			children = (
				FBBDE992285522100078A73E /* Sudokov */,
				FBBDE9A3285522140078A73E /* SudokovTests */,
				FBBDE9AD285522140078A73E /* SudokovUITests */,
				FBBDE991285522100078A73E /* Products */,
				9B7C526E0E0E11D34681AE74 /* Pods */,
				D01E2C221860B87E170875F2 /* Frameworks */,
			);
			sourceTree = "<group>";
		};
		FBBDE991285522100078A73E /* Products */ = {
			isa = PBXGroup;
			children = (
				FBBDE990285522100078A73E /* Sudokov.app */,
				FBBDE9A0285522140078A73E /* SudokovTests.xctest */,
				FBBDE9AA285522140078A73E /* SudokovUITests.xctest */,
				FBE11CD728FA1EB000C62890 /* SudokovScreenshots.xctest */,
			);
			name = Products;
			sourceTree = "<group>";
		};
		FBBDE992285522100078A73E /* Sudokov */ = {
			isa = PBXGroup;
			children = (
				FBE852CC28E3A30900F4284B /* Info.plist */,
				FBBDE9C2285522C20078A73E /* Components */,
				FB7BC7262882BC9000E8C5F1 /* Model */,
				FBBDE9BE285522470078A73E /* Utils */,
				FBBDE9BD285522400078A73E /* View */,
				FBBDE993285522100078A73E /* SudokovApp.swift */,
				FBBDE995285522100078A73E /* ContentView.swift */,
				FBBDE9BF2855224B0078A73E /* Resources */,
				FBBDE999285522140078A73E /* Preview Content */,
				FB7BC71B28803A1000E8C5F1 /* R.generated.swift */,
				FBBAAC3828B0370D0090E24A /* GoogleService-Info.plist */,
			);
			path = Sudokov;
			sourceTree = "<group>";
		};
		FBBDE999285522140078A73E /* Preview Content */ = {
			isa = PBXGroup;
			children = (
				FBBDE99A285522140078A73E /* Preview Assets.xcassets */,
			);
			path = "Preview Content";
			sourceTree = "<group>";
		};
		FBBDE9A3285522140078A73E /* SudokovTests */ = {
			isa = PBXGroup;
			children = (
				FBBDE9A4285522140078A73E /* SudokovTests.swift */,
			);
			path = SudokovTests;
			sourceTree = "<group>";
		};
		FBBDE9AD285522140078A73E /* SudokovUITests */ = {
			isa = PBXGroup;
			children = (
				FBBDE9AE285522140078A73E /* SudokovUITests.swift */,
				FBBDE9B0285522140078A73E /* SudokovUITestsLaunchTests.swift */,
			);
			path = SudokovUITests;
			sourceTree = "<group>";
		};
		FBBDE9BD285522400078A73E /* View */ = {
			isa = PBXGroup;
			children = (
				FB496CCC2901AA380047548B /* Statistics */,
				FB77D00328FC987D00D7E17F /* SelectDifficulty */,
				FBBBE592288DAA3300AC809A /* Home */,
				FBF142D3289B1FD300C3EA2E /* Settings */,
				FBF5C3A12899BB9200F5FADA /* PickLevel */,
				FBBBE593288DAA6C00AC809A /* Game */,
			);
			path = View;
			sourceTree = "<group>";
		};
		FBBDE9BE285522470078A73E /* Utils */ = {
			isa = PBXGroup;
			children = (
				FB0DC6AE288F05A800E02521 /* Storage */,
				FB5347B8285A83E900E94F65 /* Extensions */,
				FB3C9714287F0FEA002104F0 /* TableBuilder.swift */,
				FB3C9716287F1008002104F0 /* TypeAlias.swift */,
				FB3C9718287F11B1002104F0 /* GameManager.swift */,
				FBDB28AE288365B000A372E7 /* FeatureFlags.swift */,
				FBA2390E288CA68F006AE3A4 /* LocalLevelManager.swift */,
				FBBBE58E288DA7F500AC809A /* DependencyManager.swift */,
				FBBBE590288DA96F00AC809A /* Coordinator.swift */,
				FB897487288F31DD00D7C982 /* StorageManager.swift */,
				FBBAAC3628B034EA0090E24A /* AnalyticsManager.swift */,
				FB10394528EE042B00F96174 /* Configuration.swift */,
			);
			path = Utils;
			sourceTree = "<group>";
		};
		FBBDE9BF2855224B0078A73E /* Resources */ = {
			isa = PBXGroup;
			children = (
				FBA23901288CA401006AE3A4 /* Levels */,
				FBBDE997285522140078A73E /* Assets.xcassets */,
				FB3C971A28802F39002104F0 /* Colors.xcassets */,
			);
			path = Resources;
			sourceTree = "<group>";
		};
		FBBDE9C2285522C20078A73E /* Components */ = {
			isa = PBXGroup;
			children = (
				FBBDE9C3285522CE0078A73E /* MenuButton.swift */,
				FB5D90C62891E00200E4030E /* NumberPickerButton.swift */,
				FB5347B9285A83F800E94F65 /* EdgeBorder.swift */,
				FB10394328EE012E00F96174 /* AdView.swift */,
				FB77D00628FC9ABE00D7E17F /* LinearGradientSlider.swift */,
				FB125AC528FD8D8400810211 /* BackButton.swift */,
			);
			path = Components;
			sourceTree = "<group>";
		};
		FBCF08C928B25F5E00ABA471 /* Game */ = {
			isa = PBXGroup;
			children = (
				FB7BC7272882BC9B00E8C5F1 /* Move.swift */,
				FBDB28B42884B31000A372E7 /* LevelInfo.swift */,
				FBDB28B62884B33C00A372E7 /* Coordinate.swift */,
				FBA2390C288CA616006AE3A4 /* Level.swift */,
				FBA23910288CA6A7006AE3A4 /* Difficulty.swift */,
				FB4D359028955BE600C643A1 /* TemplateLevel.swift */,
				DCC3040E2897F4CE00EEB26E /* LevelState.swift */,
				FB496CCF2901AD420047548B /* LevelStatistics.swift */,
			);
			path = Game;
			sourceTree = "<group>";
		};
		FBCF08CA28B25F6900ABA471 /* Analytics */ = {
			isa = PBXGroup;
			children = (
				FBCF08CB28B25F7B00ABA471 /* LevelAnalytics.swift */,
				FBCF08D128B29E3A00ABA471 /* PlaySetAnalytics.swift */,
				FBCF08D528B2A5A100ABA471 /* SettingsAnalytics.swift */,
				FBCF08D728B2B18B00ABA471 /* CellAnalytics.swift */,
				FB1596E528B2BC5000CD0417 /* CellLevelAnalytics.swift */,
			);
			path = Analytics;
			sourceTree = "<group>";
		};
		FBF142D3289B1FD300C3EA2E /* Settings */ = {
			isa = PBXGroup;
			children = (
				FBF142D4289B1FE000C3EA2E /* SettingsView.swift */,
				FBCF08CF28B2637500ABA471 /* SettingsViewModel.swift */,
			);
			path = Settings;
			sourceTree = "<group>";
		};
		FBF5C3A12899BB9200F5FADA /* PickLevel */ = {
			isa = PBXGroup;
			children = (
				FB9978CF2891C908001F308C /* PickLevelView.swift */,
				FBF5C3A22899BBA200F5FADA /* PickLevelViewModel.swift */,
			);
			path = PickLevel;
			sourceTree = "<group>";
		};
/* End PBXGroup section */

/* Begin PBXNativeTarget section */
		FBBDE98F285522100078A73E /* Sudokov */ = {
			isa = PBXNativeTarget;
			buildConfigurationList = FBBDE9B4285522140078A73E /* Build configuration list for PBXNativeTarget "Sudokov" */;
			buildPhases = (
				77BD7BA371FF961AB1C8C179 /* [CP] Check Pods Manifest.lock */,
				FB7BC71A2880398400E8C5F1 /* ShellScript */,
				FBBDE98C285522100078A73E /* Sources */,
				FBBDE98D285522100078A73E /* Frameworks */,
				FBBDE98E285522100078A73E /* Resources */,
				9ABC9241FB5A6F5703126DC3 /* [CP] Embed Pods Frameworks */,
			);
			buildRules = (
			);
			dependencies = (
			);
			name = Sudokov;
			packageProductDependencies = (
				FBBAAC3B28B037D50090E24A /* FirebaseAnalytics */,
				FBBAAC3D28B037D50090E24A /* FirebaseAnalyticsOnDeviceConversion */,
				FBBAAC3F28B037D50090E24A /* FirebaseAnalyticsSwift */,
				FBBAAC4128B037D50090E24A /* FirebaseAnalyticsWithoutAdIdSupport */,
				FBBAAC4328B037D50090E24A /* FirebaseAppCheck */,
				FBBAAC4528B037D50090E24A /* FirebaseAppDistribution-Beta */,
				FB125AC828FD964D00810211 /* SwiftUICharts */,
			);
			productName = Sudokov;
			productReference = FBBDE990285522100078A73E /* Sudokov.app */;
			productType = "com.apple.product-type.application";
		};
		FBBDE99F285522140078A73E /* SudokovTests */ = {
			isa = PBXNativeTarget;
			buildConfigurationList = FBBDE9B7285522140078A73E /* Build configuration list for PBXNativeTarget "SudokovTests" */;
			buildPhases = (
				AB9EA0BDF8CE7702D18DE38A /* [CP] Check Pods Manifest.lock */,
				FBBDE99C285522140078A73E /* Sources */,
				FBBDE99D285522140078A73E /* Frameworks */,
				FBBDE99E285522140078A73E /* Resources */,
			);
			buildRules = (
			);
			dependencies = (
				FBBDE9A2285522140078A73E /* PBXTargetDependency */,
			);
			name = SudokovTests;
			productName = SudokovTests;
			productReference = FBBDE9A0285522140078A73E /* SudokovTests.xctest */;
			productType = "com.apple.product-type.bundle.unit-test";
		};
		FBBDE9A9285522140078A73E /* SudokovUITests */ = {
			isa = PBXNativeTarget;
			buildConfigurationList = FBBDE9BA285522140078A73E /* Build configuration list for PBXNativeTarget "SudokovUITests" */;
			buildPhases = (
				A6B1EFF13B3E98205687F7E7 /* [CP] Check Pods Manifest.lock */,
				FBBDE9A6285522140078A73E /* Sources */,
				FBBDE9A7285522140078A73E /* Frameworks */,
				FBBDE9A8285522140078A73E /* Resources */,
				0A0BC02232341DF4D663A995 /* [CP] Embed Pods Frameworks */,
			);
			buildRules = (
			);
			dependencies = (
				FBBDE9AC285522140078A73E /* PBXTargetDependency */,
			);
			name = SudokovUITests;
			productName = SudokovUITests;
			productReference = FBBDE9AA285522140078A73E /* SudokovUITests.xctest */;
			productType = "com.apple.product-type.bundle.ui-testing";
		};
		FBE11CD628FA1EB000C62890 /* SudokovScreenshots */ = {
			isa = PBXNativeTarget;
			buildConfigurationList = FBE11CDF28FA1EB000C62890 /* Build configuration list for PBXNativeTarget "SudokovScreenshots" */;
			buildPhases = (
				FBE11CD328FA1EB000C62890 /* Sources */,
				FBE11CD428FA1EB000C62890 /* Frameworks */,
				FBE11CD528FA1EB000C62890 /* Resources */,
			);
			buildRules = (
			);
			dependencies = (
				FBE11CDE28FA1EB000C62890 /* PBXTargetDependency */,
			);
			name = SudokovScreenshots;
			productName = SudokovScreenshots;
			productReference = FBE11CD728FA1EB000C62890 /* SudokovScreenshots.xctest */;
			productType = "com.apple.product-type.bundle.ui-testing";
		};
/* End PBXNativeTarget section */

/* Begin PBXProject section */
		FBBDE988285522100078A73E /* Project object */ = {
			isa = PBXProject;
			attributes = {
				BuildIndependentTargetsInParallel = 1;
				LastSwiftUpdateCheck = 1400;
				LastUpgradeCheck = 1340;
				TargetAttributes = {
					FBBDE98F285522100078A73E = {
						CreatedOnToolsVersion = 13.4.1;
					};
					FBBDE99F285522140078A73E = {
						CreatedOnToolsVersion = 13.4.1;
						TestTargetID = FBBDE98F285522100078A73E;
					};
					FBBDE9A9285522140078A73E = {
						CreatedOnToolsVersion = 13.4.1;
						TestTargetID = FBBDE98F285522100078A73E;
					};
					FBE11CD628FA1EB000C62890 = {
						CreatedOnToolsVersion = 14.0.1;
						TestTargetID = FBBDE98F285522100078A73E;
					};
				};
			};
			buildConfigurationList = FBBDE98B285522100078A73E /* Build configuration list for PBXProject "Sudokov" */;
			compatibilityVersion = "Xcode 13.0";
			developmentRegion = en;
			hasScannedForEncodings = 0;
			knownRegions = (
				en,
				Base,
			);
			mainGroup = FBBDE987285522100078A73E;
			packageReferences = (
				FBBAAC3A28B037D50090E24A /* XCRemoteSwiftPackageReference "firebase-ios-sdk" */,
				FB125AC728FD964C00810211 /* XCRemoteSwiftPackageReference "SwiftUICharts" */,
			);
			productRefGroup = FBBDE991285522100078A73E /* Products */;
			projectDirPath = "";
			projectRoot = "";
			targets = (
				FBBDE98F285522100078A73E /* Sudokov */,
				FBBDE99F285522140078A73E /* SudokovTests */,
				FBBDE9A9285522140078A73E /* SudokovUITests */,
				FBE11CD628FA1EB000C62890 /* SudokovScreenshots */,
			);
		};
/* End PBXProject section */

/* Begin PBXResourcesBuildPhase section */
		FBBDE98E285522100078A73E /* Resources */ = {
			isa = PBXResourcesBuildPhase;
			buildActionMask = 2147483647;
			files = (
				FB82D0282911A4D500F27B6F /* hard.data in Resources */,
				FB82D02A2911A4D500F27B6F /* easy.data in Resources */,
				FBBAAC3928B0370D0090E24A /* GoogleService-Info.plist in Resources */,
				FB82D0292911A4D500F27B6F /* medium.data in Resources */,
				FB3C971B28802F39002104F0 /* Colors.xcassets in Resources */,
				FBBDE99B285522140078A73E /* Preview Assets.xcassets in Resources */,
				FBBDE998285522140078A73E /* Assets.xcassets in Resources */,
			);
			runOnlyForDeploymentPostprocessing = 0;
		};
		FBBDE99E285522140078A73E /* Resources */ = {
			isa = PBXResourcesBuildPhase;
			buildActionMask = 2147483647;
			files = (
			);
			runOnlyForDeploymentPostprocessing = 0;
		};
		FBBDE9A8285522140078A73E /* Resources */ = {
			isa = PBXResourcesBuildPhase;
			buildActionMask = 2147483647;
			files = (
			);
			runOnlyForDeploymentPostprocessing = 0;
		};
		FBE11CD528FA1EB000C62890 /* Resources */ = {
			isa = PBXResourcesBuildPhase;
			buildActionMask = 2147483647;
			files = (
			);
			runOnlyForDeploymentPostprocessing = 0;
		};
/* End PBXResourcesBuildPhase section */

/* Begin PBXShellScriptBuildPhase section */
		0A0BC02232341DF4D663A995 /* [CP] Embed Pods Frameworks */ = {
			isa = PBXShellScriptBuildPhase;
			buildActionMask = 2147483647;
			files = (
			);
			inputFileListPaths = (
				"${PODS_ROOT}/Target Support Files/Pods-Sudokov-SudokovUITests/Pods-Sudokov-SudokovUITests-frameworks-${CONFIGURATION}-input-files.xcfilelist",
			);
			name = "[CP] Embed Pods Frameworks";
			outputFileListPaths = (
				"${PODS_ROOT}/Target Support Files/Pods-Sudokov-SudokovUITests/Pods-Sudokov-SudokovUITests-frameworks-${CONFIGURATION}-output-files.xcfilelist",
			);
			runOnlyForDeploymentPostprocessing = 0;
			shellPath = /bin/sh;
			shellScript = "\"${PODS_ROOT}/Target Support Files/Pods-Sudokov-SudokovUITests/Pods-Sudokov-SudokovUITests-frameworks.sh\"\n";
			showEnvVarsInLog = 0;
		};
		77BD7BA371FF961AB1C8C179 /* [CP] Check Pods Manifest.lock */ = {
			isa = PBXShellScriptBuildPhase;
			buildActionMask = 2147483647;
			files = (
			);
			inputFileListPaths = (
			);
			inputPaths = (
				"${PODS_PODFILE_DIR_PATH}/Podfile.lock",
				"${PODS_ROOT}/Manifest.lock",
			);
			name = "[CP] Check Pods Manifest.lock";
			outputFileListPaths = (
			);
			outputPaths = (
				"$(DERIVED_FILE_DIR)/Pods-Sudokov-checkManifestLockResult.txt",
			);
			runOnlyForDeploymentPostprocessing = 0;
			shellPath = /bin/sh;
			shellScript = "diff \"${PODS_PODFILE_DIR_PATH}/Podfile.lock\" \"${PODS_ROOT}/Manifest.lock\" > /dev/null\nif [ $? != 0 ] ; then\n    # print error to STDERR\n    echo \"error: The sandbox is not in sync with the Podfile.lock. Run 'pod install' or update your CocoaPods installation.\" >&2\n    exit 1\nfi\n# This output is used by Xcode 'outputs' to avoid re-running this script phase.\necho \"SUCCESS\" > \"${SCRIPT_OUTPUT_FILE_0}\"\n";
			showEnvVarsInLog = 0;
		};
		9ABC9241FB5A6F5703126DC3 /* [CP] Embed Pods Frameworks */ = {
			isa = PBXShellScriptBuildPhase;
			buildActionMask = 2147483647;
			files = (
			);
			inputFileListPaths = (
				"${PODS_ROOT}/Target Support Files/Pods-Sudokov/Pods-Sudokov-frameworks-${CONFIGURATION}-input-files.xcfilelist",
			);
			name = "[CP] Embed Pods Frameworks";
			outputFileListPaths = (
				"${PODS_ROOT}/Target Support Files/Pods-Sudokov/Pods-Sudokov-frameworks-${CONFIGURATION}-output-files.xcfilelist",
			);
			runOnlyForDeploymentPostprocessing = 0;
			shellPath = /bin/sh;
			shellScript = "\"${PODS_ROOT}/Target Support Files/Pods-Sudokov/Pods-Sudokov-frameworks.sh\"\n";
			showEnvVarsInLog = 0;
		};
		A6B1EFF13B3E98205687F7E7 /* [CP] Check Pods Manifest.lock */ = {
			isa = PBXShellScriptBuildPhase;
			buildActionMask = 2147483647;
			files = (
			);
			inputFileListPaths = (
			);
			inputPaths = (
				"${PODS_PODFILE_DIR_PATH}/Podfile.lock",
				"${PODS_ROOT}/Manifest.lock",
			);
			name = "[CP] Check Pods Manifest.lock";
			outputFileListPaths = (
			);
			outputPaths = (
				"$(DERIVED_FILE_DIR)/Pods-Sudokov-SudokovUITests-checkManifestLockResult.txt",
			);
			runOnlyForDeploymentPostprocessing = 0;
			shellPath = /bin/sh;
			shellScript = "diff \"${PODS_PODFILE_DIR_PATH}/Podfile.lock\" \"${PODS_ROOT}/Manifest.lock\" > /dev/null\nif [ $? != 0 ] ; then\n    # print error to STDERR\n    echo \"error: The sandbox is not in sync with the Podfile.lock. Run 'pod install' or update your CocoaPods installation.\" >&2\n    exit 1\nfi\n# This output is used by Xcode 'outputs' to avoid re-running this script phase.\necho \"SUCCESS\" > \"${SCRIPT_OUTPUT_FILE_0}\"\n";
			showEnvVarsInLog = 0;
		};
		AB9EA0BDF8CE7702D18DE38A /* [CP] Check Pods Manifest.lock */ = {
			isa = PBXShellScriptBuildPhase;
			buildActionMask = 2147483647;
			files = (
			);
			inputFileListPaths = (
			);
			inputPaths = (
				"${PODS_PODFILE_DIR_PATH}/Podfile.lock",
				"${PODS_ROOT}/Manifest.lock",
			);
			name = "[CP] Check Pods Manifest.lock";
			outputFileListPaths = (
			);
			outputPaths = (
				"$(DERIVED_FILE_DIR)/Pods-SudokovTests-checkManifestLockResult.txt",
			);
			runOnlyForDeploymentPostprocessing = 0;
			shellPath = /bin/sh;
			shellScript = "diff \"${PODS_PODFILE_DIR_PATH}/Podfile.lock\" \"${PODS_ROOT}/Manifest.lock\" > /dev/null\nif [ $? != 0 ] ; then\n    # print error to STDERR\n    echo \"error: The sandbox is not in sync with the Podfile.lock. Run 'pod install' or update your CocoaPods installation.\" >&2\n    exit 1\nfi\n# This output is used by Xcode 'outputs' to avoid re-running this script phase.\necho \"SUCCESS\" > \"${SCRIPT_OUTPUT_FILE_0}\"\n";
			showEnvVarsInLog = 0;
		};
		FB7BC71A2880398400E8C5F1 /* ShellScript */ = {
			isa = PBXShellScriptBuildPhase;
			alwaysOutOfDate = 1;
			buildActionMask = 2147483647;
			files = (
			);
			inputFileListPaths = (
			);
			inputPaths = (
			);
			outputFileListPaths = (
			);
			outputPaths = (
				$SRCROOT/R.generated.swift,
			);
			runOnlyForDeploymentPostprocessing = 0;
			shellPath = /bin/sh;
			shellScript = "# Type a script or drag a script file from your workspace to insert its path.\n\"$PODS_ROOT/R.swift/rswift\" generate \"$SRCROOT/R.generated.swift\"\n";
		};
/* End PBXShellScriptBuildPhase section */

/* Begin PBXSourcesBuildPhase section */
		FBBDE98C285522100078A73E /* Sources */ = {
			isa = PBXSourcesBuildPhase;
			buildActionMask = 2147483647;
			files = (
				FBDB28AF288365B000A372E7 /* FeatureFlags.swift in Sources */,
				FBCF08CE28B25FA200ABA471 /* Encodable+dictionary.swift in Sources */,
				FB5347BC285A841600E94F65 /* View+Border.swift in Sources */,
				FB77D00728FC9ABE00D7E17F /* LinearGradientSlider.swift in Sources */,
				FB5D90C72891E00200E4030E /* NumberPickerButton.swift in Sources */,
				FBBBE591288DA96F00AC809A /* Coordinator.swift in Sources */,
				FBF5C3A32899BBA200F5FADA /* PickLevelViewModel.swift in Sources */,
				FBF142D5289B1FE000C3EA2E /* SettingsView.swift in Sources */,
				FBCF08D628B2A5A100ABA471 /* SettingsAnalytics.swift in Sources */,
				FB10394828EE05A700F96174 /* UIApplication+keyWindow.swift in Sources */,
				FBBBE58F288DA7F500AC809A /* DependencyManager.swift in Sources */,
				FB496CD02901AD420047548B /* LevelStatistics.swift in Sources */,
				FB3C9715287F0FEA002104F0 /* TableBuilder.swift in Sources */,
				FB10394428EE012E00F96174 /* AdView.swift in Sources */,
				FBBDE9C4285522CE0078A73E /* MenuButton.swift in Sources */,
				FB3C9717287F1008002104F0 /* TypeAlias.swift in Sources */,
				FBCF08D828B2B18B00ABA471 /* CellAnalytics.swift in Sources */,
				FBBDE9C1285522740078A73E /* HomeView.swift in Sources */,
				FB0DC6B2288F05E400E02521 /* DiskStorage.swift in Sources */,
				FBBAAC3728B034EA0090E24A /* AnalyticsManager.swift in Sources */,
				FBBDE996285522100078A73E /* ContentView.swift in Sources */,
				FBCF08D228B29E3A00ABA471 /* PlaySetAnalytics.swift in Sources */,
				FBCF08D028B2637500ABA471 /* SettingsViewModel.swift in Sources */,
				FB89748A288F424B00D7C982 /* Transitions.swift in Sources */,
				FBBDE994285522100078A73E /* SudokovApp.swift in Sources */,
				FB0DC6B4288F072F00E02521 /* CodableStorage.swift in Sources */,
				FB5347BA285A83F800E94F65 /* EdgeBorder.swift in Sources */,
				FBFFF13E288F26DD0038F3D8 /* GameInfoView.swift in Sources */,
				FBBDE9C6285523D30078A73E /* GameView.swift in Sources */,
				FBDB28B52884B31000A372E7 /* LevelInfo.swift in Sources */,
				FB4D359128955BE600C643A1 /* TemplateLevel.swift in Sources */,
				DCC3040F2897F4CE00EEB26E /* LevelState.swift in Sources */,
				FB7BC71F28803EC500E8C5F1 /* GameSquareView.swift in Sources */,
				FB77D00528FC989100D7E17F /* SelectDifficultyView.swift in Sources */,
				FBCF08CC28B25F7B00ABA471 /* LevelAnalytics.swift in Sources */,
				FBA2390D288CA616006AE3A4 /* Level.swift in Sources */,
				FBF5C3A52899D5A600F5FADA /* Int+Extensions.swift in Sources */,
				FB7BC71C28803A1000E8C5F1 /* R.generated.swift in Sources */,
				FBA23911288CA6A7006AE3A4 /* Difficulty.swift in Sources */,
				FBDB28B72884B33C00A372E7 /* Coordinate.swift in Sources */,
				FB10394628EE042B00F96174 /* Configuration.swift in Sources */,
				FB1596E628B2BC5000CD0417 /* CellLevelAnalytics.swift in Sources */,
				FB496CCE2901AB3E0047548B /* StatisticsView.swift in Sources */,
				FB9978D02891C908001F308C /* PickLevelView.swift in Sources */,
				FB7BC72328815E9000E8C5F1 /* NumberPickerView.swift in Sources */,
				FB897488288F31DD00D7C982 /* StorageManager.swift in Sources */,
				FBBBE595288DAA8200AC809A /* HomeCoordinator.swift in Sources */,
				FB7BC7282882BC9B00E8C5F1 /* Move.swift in Sources */,
				FB7BC72128803EE400E8C5F1 /* GameSquareViewModel.swift in Sources */,
				FB7BC7252882154B00E8C5F1 /* ControlsView.swift in Sources */,
				FB3C9719287F11B1002104F0 /* GameManager.swift in Sources */,
				FBCF08D428B29E9E00ABA471 /* PlaySet.swift in Sources */,
				FB125AC628FD8D8400810211 /* BackButton.swift in Sources */,
				FBDB28B328849C3B00A372E7 /* TableView.swift in Sources */,
				FB0DC6B0288F05B500E02521 /* Storage.swift in Sources */,
				FBA2390F288CA68F006AE3A4 /* LocalLevelManager.swift in Sources */,
			);
			runOnlyForDeploymentPostprocessing = 0;
		};
		FBBDE99C285522140078A73E /* Sources */ = {
			isa = PBXSourcesBuildPhase;
			buildActionMask = 2147483647;
			files = (
				FBBDE9A5285522140078A73E /* SudokovTests.swift in Sources */,
			);
			runOnlyForDeploymentPostprocessing = 0;
		};
		FBBDE9A6285522140078A73E /* Sources */ = {
			isa = PBXSourcesBuildPhase;
			buildActionMask = 2147483647;
			files = (
				FBBDE9B1285522140078A73E /* SudokovUITestsLaunchTests.swift in Sources */,
				FBBDE9AF285522140078A73E /* SudokovUITests.swift in Sources */,
			);
			runOnlyForDeploymentPostprocessing = 0;
		};
		FBE11CD328FA1EB000C62890 /* Sources */ = {
			isa = PBXSourcesBuildPhase;
			buildActionMask = 2147483647;
			files = (
			);
			runOnlyForDeploymentPostprocessing = 0;
		};
/* End PBXSourcesBuildPhase section */

/* Begin PBXTargetDependency section */
		FBBDE9A2285522140078A73E /* PBXTargetDependency */ = {
			isa = PBXTargetDependency;
			target = FBBDE98F285522100078A73E /* Sudokov */;
			targetProxy = FBBDE9A1285522140078A73E /* PBXContainerItemProxy */;
		};
		FBBDE9AC285522140078A73E /* PBXTargetDependency */ = {
			isa = PBXTargetDependency;
			target = FBBDE98F285522100078A73E /* Sudokov */;
			targetProxy = FBBDE9AB285522140078A73E /* PBXContainerItemProxy */;
		};
		FBE11CDE28FA1EB000C62890 /* PBXTargetDependency */ = {
			isa = PBXTargetDependency;
			target = FBBDE98F285522100078A73E /* Sudokov */;
			targetProxy = FBE11CDD28FA1EB000C62890 /* PBXContainerItemProxy */;
		};
/* End PBXTargetDependency section */

/* Begin XCBuildConfiguration section */
		FBBDE9B2285522140078A73E /* Debug */ = {
			isa = XCBuildConfiguration;
			buildSettings = {
				ALWAYS_SEARCH_USER_PATHS = NO;
				CLANG_ANALYZER_NONNULL = YES;
				CLANG_ANALYZER_NUMBER_OBJECT_CONVERSION = YES_AGGRESSIVE;
				CLANG_CXX_LANGUAGE_STANDARD = "gnu++17";
				CLANG_ENABLE_MODULES = YES;
				CLANG_ENABLE_OBJC_ARC = YES;
				CLANG_ENABLE_OBJC_WEAK = YES;
				CLANG_WARN_BLOCK_CAPTURE_AUTORELEASING = YES;
				CLANG_WARN_BOOL_CONVERSION = YES;
				CLANG_WARN_COMMA = YES;
				CLANG_WARN_CONSTANT_CONVERSION = YES;
				CLANG_WARN_DEPRECATED_OBJC_IMPLEMENTATIONS = YES;
				CLANG_WARN_DIRECT_OBJC_ISA_USAGE = YES_ERROR;
				CLANG_WARN_DOCUMENTATION_COMMENTS = YES;
				CLANG_WARN_EMPTY_BODY = YES;
				CLANG_WARN_ENUM_CONVERSION = YES;
				CLANG_WARN_INFINITE_RECURSION = YES;
				CLANG_WARN_INT_CONVERSION = YES;
				CLANG_WARN_NON_LITERAL_NULL_CONVERSION = YES;
				CLANG_WARN_OBJC_IMPLICIT_RETAIN_SELF = YES;
				CLANG_WARN_OBJC_LITERAL_CONVERSION = YES;
				CLANG_WARN_OBJC_ROOT_CLASS = YES_ERROR;
				CLANG_WARN_QUOTED_INCLUDE_IN_FRAMEWORK_HEADER = YES;
				CLANG_WARN_RANGE_LOOP_ANALYSIS = YES;
				CLANG_WARN_STRICT_PROTOTYPES = YES;
				CLANG_WARN_SUSPICIOUS_MOVE = YES;
				CLANG_WARN_UNGUARDED_AVAILABILITY = YES_AGGRESSIVE;
				CLANG_WARN_UNREACHABLE_CODE = YES;
				CLANG_WARN__DUPLICATE_METHOD_MATCH = YES;
				COPY_PHASE_STRIP = NO;
				DEBUG_INFORMATION_FORMAT = dwarf;
				ENABLE_STRICT_OBJC_MSGSEND = YES;
				ENABLE_TESTABILITY = YES;
				GCC_C_LANGUAGE_STANDARD = gnu11;
				GCC_DYNAMIC_NO_PIC = NO;
				GCC_NO_COMMON_BLOCKS = YES;
				GCC_OPTIMIZATION_LEVEL = 0;
				GCC_PREPROCESSOR_DEFINITIONS = (
					"DEBUG=1",
					"$(inherited)",
				);
				GCC_WARN_64_TO_32_BIT_CONVERSION = YES;
				GCC_WARN_ABOUT_RETURN_TYPE = YES_ERROR;
				GCC_WARN_UNDECLARED_SELECTOR = YES;
				GCC_WARN_UNINITIALIZED_AUTOS = YES_AGGRESSIVE;
				GCC_WARN_UNUSED_FUNCTION = YES;
				GCC_WARN_UNUSED_VARIABLE = YES;
				IPHONEOS_DEPLOYMENT_TARGET = 15.6;
				MTL_ENABLE_DEBUG_INFO = INCLUDE_SOURCE;
				MTL_FAST_MATH = YES;
				ONLY_ACTIVE_ARCH = YES;
				SDKROOT = iphoneos;
				SWIFT_ACTIVE_COMPILATION_CONDITIONS = DEBUG;
				SWIFT_OPTIMIZATION_LEVEL = "-Onone";
			};
			name = Debug;
		};
		FBBDE9B3285522140078A73E /* Release */ = {
			isa = XCBuildConfiguration;
			buildSettings = {
				ALWAYS_SEARCH_USER_PATHS = NO;
				CLANG_ANALYZER_NONNULL = YES;
				CLANG_ANALYZER_NUMBER_OBJECT_CONVERSION = YES_AGGRESSIVE;
				CLANG_CXX_LANGUAGE_STANDARD = "gnu++17";
				CLANG_ENABLE_MODULES = YES;
				CLANG_ENABLE_OBJC_ARC = YES;
				CLANG_ENABLE_OBJC_WEAK = YES;
				CLANG_WARN_BLOCK_CAPTURE_AUTORELEASING = YES;
				CLANG_WARN_BOOL_CONVERSION = YES;
				CLANG_WARN_COMMA = YES;
				CLANG_WARN_CONSTANT_CONVERSION = YES;
				CLANG_WARN_DEPRECATED_OBJC_IMPLEMENTATIONS = YES;
				CLANG_WARN_DIRECT_OBJC_ISA_USAGE = YES_ERROR;
				CLANG_WARN_DOCUMENTATION_COMMENTS = YES;
				CLANG_WARN_EMPTY_BODY = YES;
				CLANG_WARN_ENUM_CONVERSION = YES;
				CLANG_WARN_INFINITE_RECURSION = YES;
				CLANG_WARN_INT_CONVERSION = YES;
				CLANG_WARN_NON_LITERAL_NULL_CONVERSION = YES;
				CLANG_WARN_OBJC_IMPLICIT_RETAIN_SELF = YES;
				CLANG_WARN_OBJC_LITERAL_CONVERSION = YES;
				CLANG_WARN_OBJC_ROOT_CLASS = YES_ERROR;
				CLANG_WARN_QUOTED_INCLUDE_IN_FRAMEWORK_HEADER = YES;
				CLANG_WARN_RANGE_LOOP_ANALYSIS = YES;
				CLANG_WARN_STRICT_PROTOTYPES = YES;
				CLANG_WARN_SUSPICIOUS_MOVE = YES;
				CLANG_WARN_UNGUARDED_AVAILABILITY = YES_AGGRESSIVE;
				CLANG_WARN_UNREACHABLE_CODE = YES;
				CLANG_WARN__DUPLICATE_METHOD_MATCH = YES;
				COPY_PHASE_STRIP = NO;
				DEBUG_INFORMATION_FORMAT = "dwarf-with-dsym";
				ENABLE_NS_ASSERTIONS = NO;
				ENABLE_STRICT_OBJC_MSGSEND = YES;
				GCC_C_LANGUAGE_STANDARD = gnu11;
				GCC_NO_COMMON_BLOCKS = YES;
				GCC_WARN_64_TO_32_BIT_CONVERSION = YES;
				GCC_WARN_ABOUT_RETURN_TYPE = YES_ERROR;
				GCC_WARN_UNDECLARED_SELECTOR = YES;
				GCC_WARN_UNINITIALIZED_AUTOS = YES_AGGRESSIVE;
				GCC_WARN_UNUSED_FUNCTION = YES;
				GCC_WARN_UNUSED_VARIABLE = YES;
				IPHONEOS_DEPLOYMENT_TARGET = 15.6;
				MTL_ENABLE_DEBUG_INFO = NO;
				MTL_FAST_MATH = YES;
				SDKROOT = iphoneos;
				SWIFT_COMPILATION_MODE = wholemodule;
				SWIFT_OPTIMIZATION_LEVEL = "-O";
				VALIDATE_PRODUCT = YES;
			};
			name = Release;
		};
		FBBDE9B5285522140078A73E /* Debug */ = {
			isa = XCBuildConfiguration;
			baseConfigurationReference = 6B9DEB6C2FD81A5636656284 /* Pods-Sudokov.debug.xcconfig */;
			buildSettings = {
				ASSETCATALOG_COMPILER_APPICON_NAME = AppIcon;
				ASSETCATALOG_COMPILER_GLOBAL_ACCENT_COLOR_NAME = AccentColor;
				CODE_SIGN_IDENTITY = "iPhone Distribution";
				"CODE_SIGN_IDENTITY[sdk=iphoneos*]" = "iPhone Developer";
				CODE_SIGN_STYLE = Manual;
				CURRENT_PROJECT_VERSION = 2;
				DEVELOPMENT_ASSET_PATHS = "\"Sudokov/Preview Content\"";
				DEVELOPMENT_TEAM = TU6A9VFP8M;
				"DEVELOPMENT_TEAM[sdk=iphoneos*]" = TU6A9VFP8M;
				ENABLE_PREVIEWS = YES;
				GENERATE_INFOPLIST_FILE = YES;
				INFOPLIST_FILE = Sudokov/Info.plist;
				INFOPLIST_KEY_LSApplicationCategoryType = "public.app-category.puzzle-games";
				INFOPLIST_KEY_UIApplicationSceneManifest_Generation = YES;
				INFOPLIST_KEY_UIApplicationSupportsIndirectInputEvents = YES;
				INFOPLIST_KEY_UILaunchScreen_Generation = YES;
				INFOPLIST_KEY_UISupportedInterfaceOrientations = UIInterfaceOrientationPortrait;
				IPHONEOS_DEPLOYMENT_TARGET = 15.6;
				LD_RUNPATH_SEARCH_PATHS = (
					"$(inherited)",
					"@executable_path/Frameworks",
				);
				MARKETING_VERSION = 1.0;
				PRODUCT_BUNDLE_IDENTIFIER = com.furrki.Sudokov;
				PRODUCT_NAME = "$(TARGET_NAME)";
				PROVISIONING_PROFILE_SPECIFIER = "match AppStore com.furrki.Sudokov";
				"PROVISIONING_PROFILE_SPECIFIER[sdk=iphoneos*]" = "match Development com.furrki.Sudokov";
				SUPPORTED_PLATFORMS = "iphoneos iphonesimulator";
				SUPPORTS_MACCATALYST = NO;
				SUPPORTS_MAC_DESIGNED_FOR_IPHONE_IPAD = NO;
				SWIFT_EMIT_LOC_STRINGS = YES;
				SWIFT_VERSION = 5.0;
				TARGETED_DEVICE_FAMILY = 1;
			};
			name = Debug;
		};
		FBBDE9B6285522140078A73E /* Release */ = {
			isa = XCBuildConfiguration;
			baseConfigurationReference = E82434A63DA51F03BEB052A6 /* Pods-Sudokov.release.xcconfig */;
			buildSettings = {
				ASSETCATALOG_COMPILER_APPICON_NAME = AppIcon;
				ASSETCATALOG_COMPILER_GLOBAL_ACCENT_COLOR_NAME = AccentColor;
				CODE_SIGN_IDENTITY = "Apple Development";
				"CODE_SIGN_IDENTITY[sdk=iphoneos*]" = "iPhone Distribution";
				CODE_SIGN_STYLE = Manual;
				CURRENT_PROJECT_VERSION = 2;
				DEVELOPMENT_ASSET_PATHS = "\"Sudokov/Preview Content\"";
				DEVELOPMENT_TEAM = TU6A9VFP8M;
				"DEVELOPMENT_TEAM[sdk=iphoneos*]" = TU6A9VFP8M;
				ENABLE_PREVIEWS = YES;
				GENERATE_INFOPLIST_FILE = YES;
				INFOPLIST_FILE = Sudokov/Info.plist;
				INFOPLIST_KEY_LSApplicationCategoryType = "public.app-category.puzzle-games";
				INFOPLIST_KEY_UIApplicationSceneManifest_Generation = YES;
				INFOPLIST_KEY_UIApplicationSupportsIndirectInputEvents = YES;
				INFOPLIST_KEY_UILaunchScreen_Generation = YES;
				INFOPLIST_KEY_UISupportedInterfaceOrientations = UIInterfaceOrientationPortrait;
				IPHONEOS_DEPLOYMENT_TARGET = 15.6;
				LD_RUNPATH_SEARCH_PATHS = (
					"$(inherited)",
					"@executable_path/Frameworks",
				);
				MARKETING_VERSION = 1.0;
				PRODUCT_BUNDLE_IDENTIFIER = com.furrki.Sudokov;
				PRODUCT_NAME = "$(TARGET_NAME)";
				PROVISIONING_PROFILE_SPECIFIER = "match AppStore com.furrki.Sudokov";
				"PROVISIONING_PROFILE_SPECIFIER[sdk=iphoneos*]" = "match AppStore com.furrki.Sudokov";
				SUPPORTED_PLATFORMS = "iphoneos iphonesimulator";
				SUPPORTS_MACCATALYST = NO;
				SUPPORTS_MAC_DESIGNED_FOR_IPHONE_IPAD = NO;
				SWIFT_EMIT_LOC_STRINGS = YES;
				SWIFT_VERSION = 5.0;
				TARGETED_DEVICE_FAMILY = 1;
			};
			name = Release;
		};
		FBBDE9B8285522140078A73E /* Debug */ = {
			isa = XCBuildConfiguration;
			baseConfigurationReference = 6C8C06BFD23D9868FBD41750 /* Pods-SudokovTests.debug.xcconfig */;
			buildSettings = {
				ALWAYS_EMBED_SWIFT_STANDARD_LIBRARIES = YES;
				BUNDLE_LOADER = "$(TEST_HOST)";
				CODE_SIGN_STYLE = Automatic;
				CURRENT_PROJECT_VERSION = 1;
				DEVELOPMENT_TEAM = TU6A9VFP8M;
				GENERATE_INFOPLIST_FILE = YES;
				IPHONEOS_DEPLOYMENT_TARGET = 15.5;
				MARKETING_VERSION = 1.0;
				PRODUCT_BUNDLE_IDENTIFIER = com.furrki.SudokovTests;
				PRODUCT_NAME = "$(TARGET_NAME)";
				SWIFT_EMIT_LOC_STRINGS = NO;
				SWIFT_VERSION = 5.0;
				TARGETED_DEVICE_FAMILY = "1,2";
				TEST_HOST = "$(BUILT_PRODUCTS_DIR)/Sudokov.app/Sudokov";
			};
			name = Debug;
		};
		FBBDE9B9285522140078A73E /* Release */ = {
			isa = XCBuildConfiguration;
			baseConfigurationReference = C3E97FEEDA6DA6E1A5A8BE8A /* Pods-SudokovTests.release.xcconfig */;
			buildSettings = {
				ALWAYS_EMBED_SWIFT_STANDARD_LIBRARIES = YES;
				BUNDLE_LOADER = "$(TEST_HOST)";
				CODE_SIGN_STYLE = Automatic;
				CURRENT_PROJECT_VERSION = 1;
				DEVELOPMENT_TEAM = TU6A9VFP8M;
				GENERATE_INFOPLIST_FILE = YES;
				IPHONEOS_DEPLOYMENT_TARGET = 15.5;
				MARKETING_VERSION = 1.0;
				PRODUCT_BUNDLE_IDENTIFIER = com.furrki.SudokovTests;
				PRODUCT_NAME = "$(TARGET_NAME)";
				SWIFT_EMIT_LOC_STRINGS = NO;
				SWIFT_VERSION = 5.0;
				TARGETED_DEVICE_FAMILY = "1,2";
				TEST_HOST = "$(BUILT_PRODUCTS_DIR)/Sudokov.app/Sudokov";
			};
			name = Release;
		};
		FBBDE9BB285522140078A73E /* Debug */ = {
			isa = XCBuildConfiguration;
			baseConfigurationReference = D7487A7FCD1C4181F9ABC9D2 /* Pods-Sudokov-SudokovUITests.debug.xcconfig */;
			buildSettings = {
				ALWAYS_EMBED_SWIFT_STANDARD_LIBRARIES = YES;
				CODE_SIGN_STYLE = Automatic;
				CURRENT_PROJECT_VERSION = 1;
				DEVELOPMENT_TEAM = TU6A9VFP8M;
				GENERATE_INFOPLIST_FILE = YES;
				MARKETING_VERSION = 1.0;
				PRODUCT_BUNDLE_IDENTIFIER = com.furrki.SudokovUITests;
				PRODUCT_NAME = "$(TARGET_NAME)";
				SWIFT_EMIT_LOC_STRINGS = NO;
				SWIFT_VERSION = 5.0;
				TARGETED_DEVICE_FAMILY = "1,2";
				TEST_TARGET_NAME = Sudokov;
			};
			name = Debug;
		};
		FBBDE9BC285522140078A73E /* Release */ = {
			isa = XCBuildConfiguration;
			baseConfigurationReference = BF6C1CEA8E6EF5FA1518234A /* Pods-Sudokov-SudokovUITests.release.xcconfig */;
			buildSettings = {
				ALWAYS_EMBED_SWIFT_STANDARD_LIBRARIES = YES;
				CODE_SIGN_STYLE = Automatic;
				CURRENT_PROJECT_VERSION = 1;
				DEVELOPMENT_TEAM = TU6A9VFP8M;
				GENERATE_INFOPLIST_FILE = YES;
				MARKETING_VERSION = 1.0;
				PRODUCT_BUNDLE_IDENTIFIER = com.furrki.SudokovUITests;
				PRODUCT_NAME = "$(TARGET_NAME)";
				SWIFT_EMIT_LOC_STRINGS = NO;
				SWIFT_VERSION = 5.0;
				TARGETED_DEVICE_FAMILY = "1,2";
				TEST_TARGET_NAME = Sudokov;
			};
			name = Release;
		};
		FBE11CE028FA1EB000C62890 /* Debug */ = {
			isa = XCBuildConfiguration;
			buildSettings = {
				CLANG_CXX_LANGUAGE_STANDARD = "gnu++20";
				CODE_SIGN_STYLE = Automatic;
				CURRENT_PROJECT_VERSION = 1;
				DEVELOPMENT_TEAM = TU6A9VFP8M;
				GENERATE_INFOPLIST_FILE = YES;
				IPHONEOS_DEPLOYMENT_TARGET = 16.0;
				MARKETING_VERSION = 1.0;
				PRODUCT_BUNDLE_IDENTIFIER = com.furrki.SudokovScreenshots;
				PRODUCT_NAME = "$(TARGET_NAME)";
				SWIFT_EMIT_LOC_STRINGS = NO;
				SWIFT_VERSION = 5.0;
				TARGETED_DEVICE_FAMILY = "1,2";
				TEST_TARGET_NAME = Sudokov;
			};
			name = Debug;
		};
		FBE11CE128FA1EB000C62890 /* Release */ = {
			isa = XCBuildConfiguration;
			buildSettings = {
				CLANG_CXX_LANGUAGE_STANDARD = "gnu++20";
				CODE_SIGN_STYLE = Automatic;
				CURRENT_PROJECT_VERSION = 1;
				DEVELOPMENT_TEAM = TU6A9VFP8M;
				GENERATE_INFOPLIST_FILE = YES;
				IPHONEOS_DEPLOYMENT_TARGET = 16.0;
				MARKETING_VERSION = 1.0;
				PRODUCT_BUNDLE_IDENTIFIER = com.furrki.SudokovScreenshots;
				PRODUCT_NAME = "$(TARGET_NAME)";
				SWIFT_EMIT_LOC_STRINGS = NO;
				SWIFT_VERSION = 5.0;
				TARGETED_DEVICE_FAMILY = "1,2";
				TEST_TARGET_NAME = Sudokov;
			};
			name = Release;
		};
/* End XCBuildConfiguration section */

/* Begin XCConfigurationList section */
		FBBDE98B285522100078A73E /* Build configuration list for PBXProject "Sudokov" */ = {
			isa = XCConfigurationList;
			buildConfigurations = (
				FBBDE9B2285522140078A73E /* Debug */,
				FBBDE9B3285522140078A73E /* Release */,
			);
			defaultConfigurationIsVisible = 0;
			defaultConfigurationName = Release;
		};
		FBBDE9B4285522140078A73E /* Build configuration list for PBXNativeTarget "Sudokov" */ = {
			isa = XCConfigurationList;
			buildConfigurations = (
				FBBDE9B5285522140078A73E /* Debug */,
				FBBDE9B6285522140078A73E /* Release */,
			);
			defaultConfigurationIsVisible = 0;
			defaultConfigurationName = Release;
		};
		FBBDE9B7285522140078A73E /* Build configuration list for PBXNativeTarget "SudokovTests" */ = {
			isa = XCConfigurationList;
			buildConfigurations = (
				FBBDE9B8285522140078A73E /* Debug */,
				FBBDE9B9285522140078A73E /* Release */,
			);
			defaultConfigurationIsVisible = 0;
			defaultConfigurationName = Release;
		};
		FBBDE9BA285522140078A73E /* Build configuration list for PBXNativeTarget "SudokovUITests" */ = {
			isa = XCConfigurationList;
			buildConfigurations = (
				FBBDE9BB285522140078A73E /* Debug */,
				FBBDE9BC285522140078A73E /* Release */,
			);
			defaultConfigurationIsVisible = 0;
			defaultConfigurationName = Release;
		};
		FBE11CDF28FA1EB000C62890 /* Build configuration list for PBXNativeTarget "SudokovScreenshots" */ = {
			isa = XCConfigurationList;
			buildConfigurations = (
				FBE11CE028FA1EB000C62890 /* Debug */,
				FBE11CE128FA1EB000C62890 /* Release */,
			);
			defaultConfigurationIsVisible = 0;
			defaultConfigurationName = Release;
		};
/* End XCConfigurationList section */

/* Begin XCRemoteSwiftPackageReference section */
		FB125AC728FD964C00810211 /* XCRemoteSwiftPackageReference "SwiftUICharts" */ = {
			isa = XCRemoteSwiftPackageReference;
			repositoryURL = "https://github.com/willdale/SwiftUICharts";
			requirement = {
				kind = upToNextMajorVersion;
				minimumVersion = 2.0.0;
			};
		};
		FBBAAC3A28B037D50090E24A /* XCRemoteSwiftPackageReference "firebase-ios-sdk" */ = {
			isa = XCRemoteSwiftPackageReference;
			repositoryURL = "https://github.com/firebase/firebase-ios-sdk";
			requirement = {
				kind = upToNextMajorVersion;
				minimumVersion = 9.0.0;
			};
		};
/* End XCRemoteSwiftPackageReference section */

/* Begin XCSwiftPackageProductDependency section */
		FB125AC828FD964D00810211 /* SwiftUICharts */ = {
			isa = XCSwiftPackageProductDependency;
			package = FB125AC728FD964C00810211 /* XCRemoteSwiftPackageReference "SwiftUICharts" */;
			productName = SwiftUICharts;
		};
		FBBAAC3B28B037D50090E24A /* FirebaseAnalytics */ = {
			isa = XCSwiftPackageProductDependency;
			package = FBBAAC3A28B037D50090E24A /* XCRemoteSwiftPackageReference "firebase-ios-sdk" */;
			productName = FirebaseAnalytics;
		};
		FBBAAC3D28B037D50090E24A /* FirebaseAnalyticsOnDeviceConversion */ = {
			isa = XCSwiftPackageProductDependency;
			package = FBBAAC3A28B037D50090E24A /* XCRemoteSwiftPackageReference "firebase-ios-sdk" */;
			productName = FirebaseAnalyticsOnDeviceConversion;
		};
		FBBAAC3F28B037D50090E24A /* FirebaseAnalyticsSwift */ = {
			isa = XCSwiftPackageProductDependency;
			package = FBBAAC3A28B037D50090E24A /* XCRemoteSwiftPackageReference "firebase-ios-sdk" */;
			productName = FirebaseAnalyticsSwift;
		};
		FBBAAC4128B037D50090E24A /* FirebaseAnalyticsWithoutAdIdSupport */ = {
			isa = XCSwiftPackageProductDependency;
			package = FBBAAC3A28B037D50090E24A /* XCRemoteSwiftPackageReference "firebase-ios-sdk" */;
			productName = FirebaseAnalyticsWithoutAdIdSupport;
		};
		FBBAAC4328B037D50090E24A /* FirebaseAppCheck */ = {
			isa = XCSwiftPackageProductDependency;
			package = FBBAAC3A28B037D50090E24A /* XCRemoteSwiftPackageReference "firebase-ios-sdk" */;
			productName = FirebaseAppCheck;
		};
		FBBAAC4528B037D50090E24A /* FirebaseAppDistribution-Beta */ = {
			isa = XCSwiftPackageProductDependency;
			package = FBBAAC3A28B037D50090E24A /* XCRemoteSwiftPackageReference "firebase-ios-sdk" */;
			productName = "FirebaseAppDistribution-Beta";
		};
/* End XCSwiftPackageProductDependency section */
	};
	rootObject = FBBDE988285522100078A73E /* Project object */;
}
